
Microsoft Visual Studio Solution File, Format Version 12.00
# Visual Studio Version 16
VisualStudioVersion = 16.0.29920.165
MinimumVisualStudioVersion = 10.0.40219.1
Project("{FAE04EC0-301F-11D3-BF4B-00C04F79EFBC}") = "mp3-multi-language", "mp3-multi-language.csproj", "{2E572648-1F82-4F33-8F56-A4D7FDC9E7DE}"
EndProject
Global
	GlobalSection(SolutionConfigurationPlatforms) = preSolution
		Debug|Any CPU = Debug|Any CPU
		Release|Any CPU = Release|Any CPU
	EndGlobalSection
	GlobalSection(ProjectConfigurationPlatforms) = postSolution
		{2E572648-1F82-4F33-8F56-A4D7FDC9E7DE}.Debug|Any CPU.ActiveCfg = Debug|Any CPU
		{2E572648-1F82-4F33-8F56-A4D7FDC9E7DE}.Debug|Any CPU.Build.0 = Debug|Any CPU
		{2E572648-1F82-4F33-8F56-A4D7FDC9E7DE}.Release|Any CPU.ActiveCfg = Release|Any CPU
		{2E572648-1F82-4F33-8F56-A4D7FDC9E7DE}.Release|Any CPU.Build.0 = Release|Any CPU
	EndGlobalSection
	GlobalSection(SolutionProperties) = preSolution
		HideSolutionNode = FALSE
	EndGlobalSection
	GlobalSection(ExtensibilityGlobals) = postSolution
		SolutionGuid = {333DA7D7-AD54-4EA0-8238-FBC2545F0B7E}
	EndGlobalSection
EndGlobal
